
Microsoft Visual Studio Solution File, Format Version 12.00
# Visual Studio Version 17
VisualStudioVersion = 17.3.32825.248
MinimumVisualStudioVersion = 10.0.40219.1
Project("{FAE04EC0-301F-11D3-BF4B-00C04F79EFBC}") = "Task 8.2", "Task 8.2\Task 8.2.csproj", "{FED8B049-6AE0-414C-89E1-90801FB09B59}"
EndProject
Project("{FAE04EC0-301F-11D3-BF4B-00C04F79EFBC}") = "Task 8.3", "Task 8.3\Task 8.3.csproj", "{10B408D3-2C65-4190-8FE4-FAFEAD1EBA2C}"
EndProject
Project("{FAE04EC0-301F-11D3-BF4B-00C04F79EFBC}") = "Task 8.4", "Task 8.4\Task 8.4.csproj", "{4C067650-B4E3-4E3B-A88A-F156FFB84130}"
EndProject
Project("{FAE04EC0-301F-11D3-BF4B-00C04F79EFBC}") = "Task 8.6", "Task 8.6\Task 8.6.csproj", "{CA9DD1DB-F02D-4F5A-A710-773026200EBD}"
EndProject
Global
	GlobalSection(SolutionConfigurationPlatforms) = preSolution
		Debug|Any CPU = Debug|Any CPU
		Release|Any CPU = Release|Any CPU
	EndGlobalSection
	GlobalSection(ProjectConfigurationPlatforms) = postSolution
		{FED8B049-6AE0-414C-89E1-90801FB09B59}.Debug|Any CPU.ActiveCfg = Debug|Any CPU
		{FED8B049-6AE0-414C-89E1-90801FB09B59}.Debug|Any CPU.Build.0 = Debug|Any CPU
		{FED8B049-6AE0-414C-89E1-90801FB09B59}.Release|Any CPU.ActiveCfg = Release|Any CPU
		{FED8B049-6AE0-414C-89E1-90801FB09B59}.Release|Any CPU.Build.0 = Release|Any CPU
		{10B408D3-2C65-4190-8FE4-FAFEAD1EBA2C}.Debug|Any CPU.ActiveCfg = Debug|Any CPU
		{10B408D3-2C65-4190-8FE4-FAFEAD1EBA2C}.Debug|Any CPU.Build.0 = Debug|Any CPU
		{10B408D3-2C65-4190-8FE4-FAFEAD1EBA2C}.Release|Any CPU.ActiveCfg = Release|Any CPU
		{10B408D3-2C65-4190-8FE4-FAFEAD1EBA2C}.Release|Any CPU.Build.0 = Release|Any CPU
		{4C067650-B4E3-4E3B-A88A-F156FFB84130}.Debug|Any CPU.ActiveCfg = Debug|Any CPU
		{4C067650-B4E3-4E3B-A88A-F156FFB84130}.Debug|Any CPU.Build.0 = Debug|Any CPU
		{4C067650-B4E3-4E3B-A88A-F156FFB84130}.Release|Any CPU.ActiveCfg = Release|Any CPU
		{4C067650-B4E3-4E3B-A88A-F156FFB84130}.Release|Any CPU.Build.0 = Release|Any CPU
		{CA9DD1DB-F02D-4F5A-A710-773026200EBD}.Debug|Any CPU.ActiveCfg = Debug|Any CPU
		{CA9DD1DB-F02D-4F5A-A710-773026200EBD}.Debug|Any CPU.Build.0 = Debug|Any CPU
		{CA9DD1DB-F02D-4F5A-A710-773026200EBD}.Release|Any CPU.ActiveCfg = Release|Any CPU
		{CA9DD1DB-F02D-4F5A-A710-773026200EBD}.Release|Any CPU.Build.0 = Release|Any CPU
	EndGlobalSection
	GlobalSection(SolutionProperties) = preSolution
		HideSolutionNode = FALSE
	EndGlobalSection
	GlobalSection(ExtensibilityGlobals) = postSolution
		SolutionGuid = {724646D4-BF74-4491-B65F-0245E9760B20}
	EndGlobalSection
EndGlobal
